{
  "pkgs": {
    "@mekstuff/logreport@1.0.0": {
      "name": "@mekstuff/logreport@1.0.0",
      "dependency_scope": "dependencies",
      "install_type": "default",
      "publish_sig": "7cfe09b622-da4ef6",
      "resolve": "C:\\Users\\Lanzo\\.local-package-manager\\packages\\@mekstuff\\logreport\\1.0.0\\pkg",
      "sem_ver_symbol": "^",
      "traverse_imports": false
    }
  }
}